
Microsoft Visual Studio Solution File, Format Version 12.00
# Visual Studio Version 17
VisualStudioVersion = 17.7.34024.191
MinimumVisualStudioVersion = 10.0.40219.1
Project("{FAE04EC0-301F-11D3-BF4B-00C04F79EFBC}") = "Biketask1", "Biketask1\Biketask1.csproj", "{725E4249-06CB-405A-9AB5-C24F78D28290}"
EndProject
Global
	GlobalSection(SolutionConfigurationPlatforms) = preSolution
		Debug|Any CPU = Debug|Any CPU
		Release|Any CPU = Release|Any CPU
	EndGlobalSection
	GlobalSection(ProjectConfigurationPlatforms) = postSolution
		{725E4249-06CB-405A-9AB5-C24F78D28290}.Debug|Any CPU.ActiveCfg = Debug|Any CPU
		{725E4249-06CB-405A-9AB5-C24F78D28290}.Debug|Any CPU.Build.0 = Debug|Any CPU
		{725E4249-06CB-405A-9AB5-C24F78D28290}.Release|Any CPU.ActiveCfg = Release|Any CPU
		{725E4249-06CB-405A-9AB5-C24F78D28290}.Release|Any CPU.Build.0 = Release|Any CPU
	EndGlobalSection
	GlobalSection(SolutionProperties) = preSolution
		HideSolutionNode = FALSE
	EndGlobalSection
	GlobalSection(ExtensibilityGlobals) = postSolution
		SolutionGuid = {4C2ADAF5-1EF9-4EC0-8C42-904F00BA156C}
	EndGlobalSection
EndGlobal
